{
  "name": "mhc",
  "version": "1.0.0",
  "lockfileVersion": 1,
  "requires": true,
  "dependencies": {
    "solidity-sigutils": {
      "version": "1.0.1",
      "resolved": "https://registry.npmjs.org/solidity-sigutils/-/solidity-sigutils-1.0.1.tgz",
      "integrity": "sha512-/rBduJJqHrau3thzF6wt7h8+d4qibN/ba8JBu9sphO3k2kRmRUmVrlBNtlHbro+wfcm7yQ+g6ZRIqrkm6C+/mA=="
    }
  }
}
